
Microsoft Visual Studio Solution File, Format Version 12.00
# Visual Studio Version 16
VisualStudioVersion = 16.0.29123.88
MinimumVisualStudioVersion = 10.0.40219.1
Project("{FAE04EC0-301F-11D3-BF4B-00C04F79EFBC}") = "RealTimeProj", "RealTimeProj\RealTimeProj.csproj", "{231C6501-B749-4924-BA72-1FC88CF0AAEF}"
EndProject
Global
	GlobalSection(SolutionConfigurationPlatforms) = preSolution
		Debug|Any CPU = Debug|Any CPU
		Release|Any CPU = Release|Any CPU
	EndGlobalSection
	GlobalSection(ProjectConfigurationPlatforms) = postSolution
		{231C6501-B749-4924-BA72-1FC88CF0AAEF}.Debug|Any CPU.ActiveCfg = Debug|Any CPU
		{231C6501-B749-4924-BA72-1FC88CF0AAEF}.Debug|Any CPU.Build.0 = Debug|Any CPU
		{231C6501-B749-4924-BA72-1FC88CF0AAEF}.Release|Any CPU.ActiveCfg = Release|Any CPU
		{231C6501-B749-4924-BA72-1FC88CF0AAEF}.Release|Any CPU.Build.0 = Release|Any CPU
	EndGlobalSection
	GlobalSection(SolutionProperties) = preSolution
		HideSolutionNode = FALSE
	EndGlobalSection
	GlobalSection(ExtensibilityGlobals) = postSolution
		SolutionGuid = {5A7781D8-FB28-451F-B1FD-44BA33A55678}
	EndGlobalSection
EndGlobal
